<?xml version="1.0" encoding="utf-8"?>
<Project ToolsVersion="4.0" xmlns="http://schemas.microsoft.com/developer/msbuild/2003">
  <ItemGroup>
    <Filter Include="Source Files">
      <UniqueIdentifier>{4FC737F1-C7A5-4376-A066-2A32D752A2FF}</UniqueIdentifier>
      <Extensions>cpp;c;cc;cxx;c++;cppm;ixx;def;odl;idl;hpj;bat;asm;asmx</Extensions>
    </Filter>
    <Filter Include="Header Files">
      <UniqueIdentifier>{93995380-89BD-4b04-88EB-625FBE52EBFB}</UniqueIdentifier>
      <Extensions>h;hh;hpp;hxx;h++;hm;inl;inc;ipp;xsd</Extensions>
    </Filter>
    <Filter Include="Resource Files">
      <UniqueIdentifier>{67DA6AB6-F800-4c08-8B7A-83BB121AAD01}</UniqueIdentifier>
      <Extensions>rc;ico;cur;bmp;dlg;rc2;rct;bin;rgs;gif;jpg;jpeg;jpe;resx;tiff;tif;png;wav;mfcribbon-ms</Extensions>
    </Filter>
    <Filter Include="Source Files\Data">
      <UniqueIdentifier>{3b8b8152-4fbc-4557-ba16-e5297ee17fee}</UniqueIdentifier>
    </Filter>
  </ItemGroup>
  <ItemGroup>
    <ClCompile Include="Non_Coop.cpp">
      <Filter>Source Files</Filter>
    </ClCompile>
    <ClCompile Include="Functions.cpp">
      <Filter>Source Files</Filter>
    </ClCompile>
  </ItemGroup>
  <ItemGroup>
    <ClInclude Include="Header.h">
      <Filter>Source Files</Filter>
    </ClInclude>
    <ClInclude Include="Functions.h">
      <Filter>Source Files</Filter>
    </ClInclude>
  </ItemGroup>
  <ItemGroup>
    <Image Include="..\..\Data\313203981_1538771779893678_1321708788536571748_n.jpg">
      <Filter>Source Files\Data</Filter>
    </Image>
    <Image Include="..\..\Data\313989849_654973116166207_8548235462508876784_n.jpg">
      <Filter>Source Files\Data</Filter>
    </Image>
    <Image Include="..\..\Data\314030002_1725728987812503_895376074281752563_n.jpg">
      <Filter>Source Files\Data</Filter>
    </Image>
    <Image Include="..\..\Data\314364512_678782477205020_5925544091503977094_n.jpg">
      <Filter>Source Files\Data</Filter>
    </Image>
    <Image Include="..\..\Data\314379773_814713596451058_951117416348934086_n.jpg">
      <Filter>Source Files\Data</Filter>
    </Image>
    <Image Include="..\..\Data\314383062_434843895389635_5739049404189567006_n.jpg">
      <Filter>Source Files\Data</Filter>
    </Image>
    <Image Include="..\..\Data\314397410_3273834992856168_3364101443093663813_n.jpg">
      <Filter>Source Files\Data</Filter>
    </Image>
  </ItemGroup>
</Project>